
Microsoft Visual Studio Solution File, Format Version 12.00
# Visual Studio Version 17
VisualStudioVersion = 17.5.33627.172
MinimumVisualStudioVersion = 10.0.40219.1
Project("{FAE04EC0-301F-11D3-BF4B-00C04F79EFBC}") = "streamdeck.plugin.bi", "streamdeck.plugin.bi.csproj", "{0BA305F3-3ED6-4146-B9BA-84C9781A088F}"
EndProject
Global
	GlobalSection(SolutionConfigurationPlatforms) = preSolution
		Debug|Any CPU = Debug|Any CPU
		Release|Any CPU = Release|Any CPU
	EndGlobalSection
	GlobalSection(ProjectConfigurationPlatforms) = postSolution
		{0BA305F3-3ED6-4146-B9BA-84C9781A088F}.Debug|Any CPU.ActiveCfg = Debug|Any CPU
		{0BA305F3-3ED6-4146-B9BA-84C9781A088F}.Debug|Any CPU.Build.0 = Debug|Any CPU
		{0BA305F3-3ED6-4146-B9BA-84C9781A088F}.Release|Any CPU.ActiveCfg = Release|Any CPU
		{0BA305F3-3ED6-4146-B9BA-84C9781A088F}.Release|Any CPU.Build.0 = Release|Any CPU
	EndGlobalSection
	GlobalSection(SolutionProperties) = preSolution
		HideSolutionNode = FALSE
	EndGlobalSection
	GlobalSection(ExtensibilityGlobals) = postSolution
		SolutionGuid = {F4432FF7-5F47-4BFB-A89F-A58BD52D8CE0}
	EndGlobalSection
EndGlobal
